// !$*UTF8*$!
{
	archiveVersion = 1;
	classes = {
	};
	objectVersion = 90;
	objects = {

/* Begin PBXBuildFile section */
		2F7446AB0DB6BCF400F9684A /* MainMenu.xib in Resources */ = {isa = PBXBuildFile; fileRef = 2F7446A70DB6BCF400F9684A /* MainMenu.xib */; };
		5537434E2E937B7F00AB56D0 /* VDDefaults.plist in Resources */ = {isa = PBXBuildFile; fileRef = 5537434C2E937B7F00AB56D0 /* VDDefaults.plist */; };
		5537434F2E937B7F00AB56D0 /* colors.json in Resources */ = {isa = PBXBuildFile; fileRef = 5537434A2E937B7F00AB56D0 /* colors.json */; };
		553743502E937B7F00AB56D0 /* colorsDark.json in Resources */ = {isa = PBXBuildFile; fileRef = 5537434B2E937B7F00AB56D0 /* colorsDark.json */; };
		553743512E937B7F00AB56D0 /* VisualDiffer.sdef in Resources */ = {isa = PBXBuildFile; fileRef = 5537434D2E937B7F00AB56D0 /* VisualDiffer.sdef */; };
		5541CE452FFCD8DA0044A569 /* mask-full.png in Resources */ = {isa = PBXBuildFile; fileRef = 5541CE422FFCD8DA0044A569 /* mask-full.png */; };
		5541CE462FFCD8DA0044A569 /* mask-front.png in Resources */ = {isa = PBXBuildFile; fileRef = 5541CE412FFCD8DA0044A569 /* mask-front.png */; };
		5541CE472FFCD8DA0044A569 /* mask-middle.png in Resources */ = {isa = PBXBuildFile; fileRef = 5541CE432FFCD8DA0044A569 /* mask-middle.png */; };
		5541CE482FFCD8DA0044A569 /* mask-back-white.png in Resources */ = {isa = PBXBuildFile; fileRef = 5541CE402FFCD8DA0044A569 /* mask-back-white.png */; };
		5541CE492FFCD8DA0044A569 /* mask-back.png in Resources */ = {isa = PBXBuildFile; fileRef = 5541CE3F2FFCD8DA0044A569 /* mask-back.png */; };
		5541CE4B2FFCD9E70044A569 /* vd.iconset in Resources */ = {isa = PBXBuildFile; fileRef = 5541CE4A2FFCD9E70044A569 /* vd.iconset */; };
		5550B5931A21CD1F009BC4A4 /* aliasbadge@2x.png in Resources */ = {isa = PBXBuildFile; fileRef = 5550B5921A21CD1F009BC4A4 /* aliasbadge@2x.png */; };
		5550B5951A21D2F3009BC4A4 /* empty@2x.png in Resources */ = {isa = PBXBuildFile; fileRef = 5550B5941A21D2F3009BC4A4 /* empty@2x.png */; };
		557315B12551307800CF4372 /* Images.xcassets in Resources */ = {isa = PBXBuildFile; fileRef = 557315B02551307800CF4372 /* Images.xcassets */; };
		55740BF512D710EC004BF6CC /* IOKit.framework in Frameworks */ = {isa = PBXBuildFile; fileRef = 55740BF412D710EC004BF6CC /* IOKit.framework */; };
		55740BF912D71103004BF6CC /* Security.framework in Frameworks */ = {isa = PBXBuildFile; fileRef = 55740BF812D71103004BF6CC /* Security.framework */; };
		557A47F22FF7DE3800D0F6B4 /* Localizable.xcstrings in Resources */ = {isa = PBXBuildFile; fileRef = 557A47F12FF7DE3800D0F6B4 /* Localizable.xcstrings */; };
		557EBD89305AC79D00A9BBD2 /* Cocoa.framework in Frameworks */ = {isa = PBXBuildFile; fileRef = 557EBD88305AC79D00A9BBD2 /* Cocoa.framework */; };
		55916A102E8A814200ED6629 /* MyDocument.xcdatamodeld in Sources */ = {isa = PBXBuildFile; fileRef = 55916A092E8A814200ED6629 /* MyDocument.xcdatamodeld */; };
		55916A112E8A814200ED6629 /* History.xcdatamodeld in Sources */ = {isa = PBXBuildFile; fileRef = 55916A082E8A814200ED6629 /* History.xcdatamodeld */; };
		559614B114B0471E0075ED34 /* aliasbadge.png in Resources */ = {isa = PBXBuildFile; fileRef = 559614B014B0471E0075ED34 /* aliasbadge.png */; };
		55A027D4158242310004583F /* Quartz.framework in Frameworks */ = {isa = PBXBuildFile; fileRef = 55A027D3158242310004583F /* Quartz.framework */; };
		55C165622EE444050082A24C /* Sparkle in Frameworks */ = {isa = PBXBuildFile; productRef = 55C165612EE444050082A24C /* Sparkle */; };
		55C1CC012E8BB755004FE322 /* visdiff in Copy Visdiff to Helpers */ = {isa = PBXBuildFile; fileRef = 55C1CBE22E8BB6A2004FE322 /* visdiff */; settings = {ATTRIBUTES = (CodeSignOnCopy, ); }; };
		55C84A712DA93ADB00BA39DA /* UserNotifications.framework in Frameworks */ = {isa = PBXBuildFile; fileRef = 55C84A702DA93ADB00BA39DA /* UserNotifications.framework */; };
		55E1029A12C9E17300432C61 /* empty.png in Resources */ = {isa = PBXBuildFile; fileRef = 55E1029912C9E17300432C61 /* empty.png */; };
		55E3A5661826552A002A890B /* lockedbadge.png in Resources */ = {isa = PBXBuildFile; fileRef = 55E3A5641826552A002A890B /* lockedbadge.png */; };
		55E3A5671826552A002A890B /* lockedbadge@2x.png in Resources */ = {isa = PBXBuildFile; fileRef = 55E3A5651826552A002A890B /* lockedbadge@2x.png */; };
		8D15AC2C0486D014006FF6A4 /* Credits.rtf in Resources */ = {isa = PBXBuildFile; fileRef = 2A37F4B9FDCFA73011CA2CEA /* Credits.rtf */; };
/* End PBXBuildFile section */

/* Begin PBXContainerItemProxy section */
		55944CCB2E5C8D9F00FB1F8C /* PBXContainerItemProxy */ = {
			isa = PBXContainerItemProxy;
			containerPortal = 2A37F4A9FDCFA73011CA2CEA /* Project object */;
			proxyType = 1;
			remoteGlobalIDString = 8D15AC270486D014006FF6A4;
			remoteInfo = VisualDiffer;
		};
		55C1CBFF2E8BB749004FE322 /* PBXContainerItemProxy */ = {
			isa = PBXContainerItemProxy;
			containerPortal = 2A37F4A9FDCFA73011CA2CEA /* Project object */;
			proxyType = 1;
			remoteGlobalIDString = 55C1CBE12E8BB6A2004FE322;
			remoteInfo = visdiff;
		};
/* End PBXContainerItemProxy section */

/* Begin PBXCopyFilesBuildPhase section */
		5504B6FF255FCBBA00CDE04A /* Copy Visdiff to Helpers */ = {
			isa = PBXCopyFilesBuildPhase;
			dstPath = Contents/Helpers;
			dstSubfolder = Wrapper;
			files = (
				55C1CC012E8BB755004FE322 /* visdiff in Copy Visdiff to Helpers */,
			);
			name = "Copy Visdiff to Helpers";
		};
		55943C852EE43E3800DE513B /* Embed Frameworks */ = {
			isa = PBXCopyFilesBuildPhase;
			dstPath = "";
			dstSubfolder = Frameworks;
			files = (
			);
			name = "Embed Frameworks";
		};
/* End PBXCopyFilesBuildPhase section */

/* Begin PBXFileReference section */
		5537434A2E937B7F00AB56D0 /* colors.json */ = {isa = PBXFileReference; lastKnownFileType = text.json; name = colors.json; path = AppDefaults/colors.json; sourceTree = "<group>"; };
		5537434B2E937B7F00AB56D0 /* colorsDark.json */ = {isa = PBXFileReference; lastKnownFileType = text.json; name = colorsDark.json; path = AppDefaults/colorsDark.json; sourceTree = "<group>"; };
		5537434C2E937B7F00AB56D0 /* VDDefaults.plist */ = {isa = PBXFileReference; lastKnownFileType = text.plist.xml; name = VDDefaults.plist; path = AppDefaults/VDDefaults.plist; sourceTree = "<group>"; };
		5537434D2E937B7F00AB56D0 /* VisualDiffer.sdef */ = {isa = PBXFileReference; lastKnownFileType = text.xml; name = VisualDiffer.sdef; path = AppDefaults/VisualDiffer.sdef; sourceTree = "<group>"; };
		553A58692EF2758800685D02 /* MyDocument1.4.xcdatamodel */ = {isa = PBXFileReference; lastKnownFileType = wrapper.xcdatamodel; path = MyDocument1.4.xcdatamodel; sourceTree = "<group>"; };
		5541CE3F2FFCD8DA0044A569 /* mask-back.png */ = {isa = PBXFileReference; lastKnownFileType = image.png; path = "mask-back.png"; sourceTree = "<group>"; };
		5541CE402FFCD8DA0044A569 /* mask-back-white.png */ = {isa = PBXFileReference; lastKnownFileType = image.png; path = "mask-back-white.png"; sourceTree = "<group>"; };
		5541CE412FFCD8DA0044A569 /* mask-front.png */ = {isa = PBXFileReference; lastKnownFileType = image.png; path = "mask-front.png"; sourceTree = "<group>"; };
		5541CE422FFCD8DA0044A569 /* mask-full.png */ = {isa = PBXFileReference; lastKnownFileType = image.png; path = "mask-full.png"; sourceTree = "<group>"; };
		5541CE432FFCD8DA0044A569 /* mask-middle.png */ = {isa = PBXFileReference; lastKnownFileType = image.png; path = "mask-middle.png"; sourceTree = "<group>"; };
		5541CE4A2FFCD9E70044A569 /* vd.iconset */ = {isa = PBXFileReference; lastKnownFileType = folder.iconset; name = vd.iconset; path = images/vd.iconset; sourceTree = "<group>"; };
		5550B5921A21CD1F009BC4A4 /* aliasbadge@2x.png */ = {isa = PBXFileReference; lastKnownFileType = image.png; path = "aliasbadge@2x.png"; sourceTree = "<group>"; };
		5550B5941A21D2F3009BC4A4 /* empty@2x.png */ = {isa = PBXFileReference; lastKnownFileType = image.png; path = "empty@2x.png"; sourceTree = "<group>"; };
		555CAD9B1C2710D000371E4D /* Warnings.xcconfig */ = {isa = PBXFileReference; fileEncoding = 4; lastKnownFileType = text.xcconfig; path = Warnings.xcconfig; sourceTree = "<group>"; };
		55656A852DD34C5100DD5835 /* VisualDiffer-Bridging-Header.h */ = {isa = PBXFileReference; lastKnownFileType = sourcecode.c.h; path = "VisualDiffer-Bridging-Header.h"; sourceTree = "<group>"; };
		557315B02551307800CF4372 /* Images.xcassets */ = {isa = PBXFileReference; lastKnownFileType = folder.assetcatalog; name = Images.xcassets; path = assets/Images.xcassets; sourceTree = SOURCE_ROOT; };
		55740BF412D710EC004BF6CC /* IOKit.framework */ = {isa = PBXFileReference; lastKnownFileType = wrapper.framework; name = IOKit.framework; path = System/Library/Frameworks/IOKit.framework; sourceTree = SDKROOT; };
		55740BF812D71103004BF6CC /* Security.framework */ = {isa = PBXFileReference; lastKnownFileType = wrapper.framework; name = Security.framework; path = System/Library/Frameworks/Security.framework; sourceTree = SDKROOT; };
		557A47F12FF7DE3800D0F6B4 /* Localizable.xcstrings */ = {isa = PBXFileReference; lastKnownFileType = text.json.xcstrings; path = Localizable.xcstrings; sourceTree = "<group>"; };
		557A47F32FF7DE3800D0F6B4 /* mul */ = {isa = PBXFileReference; lastKnownFileType = text.json.xcstrings; name = mul; path = mul.lproj/MainMenu.xcstrings; sourceTree = "<group>"; };
		557C181B2E7E8BDD00381A3A /* Signing.local.xcconfig */ = {isa = PBXFileReference; lastKnownFileType = text.xcconfig; path = Signing.local.xcconfig; sourceTree = "<group>"; };
		557C181C2E7E8BDD00381A3A /* Versions.local.xcconfig */ = {isa = PBXFileReference; lastKnownFileType = text.xcconfig; path = Versions.local.xcconfig; sourceTree = "<group>"; };
		557EBD88305AC79D00A9BBD2 /* Cocoa.framework */ = {isa = PBXFileReference; lastKnownFileType = wrapper.framework; name = Cocoa.framework; path = System/Library/Frameworks/Cocoa.framework; sourceTree = SDKROOT; };
		55916A0B2E8A814200ED6629 /* History.xcdatamodel */ = {isa = PBXFileReference; lastKnownFileType = wrapper.xcdatamodel; path = History.xcdatamodel; sourceTree = "<group>"; };
		55916A0C2E8A814200ED6629 /* MyDocument1.0.xcdatamodel */ = {isa = PBXFileReference; lastKnownFileType = wrapper.xcdatamodel; path = MyDocument1.0.xcdatamodel; sourceTree = "<group>"; };
		55916A0D2E8A814200ED6629 /* MyDocument1.1.xcdatamodel */ = {isa = PBXFileReference; lastKnownFileType = wrapper.xcdatamodel; path = MyDocument1.1.xcdatamodel; sourceTree = "<group>"; };
		55916A0E2E8A814200ED6629 /* MyDocument1.2.xcdatamodel */ = {isa = PBXFileReference; lastKnownFileType = wrapper.xcdatamodel; path = MyDocument1.2.xcdatamodel; sourceTree = "<group>"; };
		55916A0F2E8A814200ED6629 /* MyDocument1.3.xcdatamodel */ = {isa = PBXFileReference; lastKnownFileType = wrapper.xcdatamodel; path = MyDocument1.3.xcdatamodel; sourceTree = "<group>"; };
		55944CC72E5C8D9F00FB1F8C /* VisualDifferTests.xctest */ = {isa = PBXFileReference; explicitFileType = wrapper.cfbundle; includeInIndex = 0; path = VisualDifferTests.xctest; sourceTree = BUILT_PRODUCTS_DIR; };
		559614B014B0471E0075ED34 /* aliasbadge.png */ = {isa = PBXFileReference; lastKnownFileType = image.png; path = aliasbadge.png; sourceTree = "<group>"; };
		55A027D3158242310004583F /* Quartz.framework */ = {isa = PBXFileReference; lastKnownFileType = wrapper.framework; name = Quartz.framework; path = System/Library/Frameworks/Quartz.framework; sourceTree = SDKROOT; };
		55B212092490AB3B001717DD /* en */ = {isa = PBXFileReference; lastKnownFileType = text.rtf; name = en; path = en.lproj/Credits.rtf; sourceTree = "<group>"; };
		55C1CBE22E8BB6A2004FE322 /* visdiff */ = {isa = PBXFileReference; explicitFileType = "compiled.mach-o.executable"; includeInIndex = 0; path = visdiff; sourceTree = BUILT_PRODUCTS_DIR; };
		55C84A702DA93ADB00BA39DA /* UserNotifications.framework */ = {isa = PBXFileReference; lastKnownFileType = wrapper.framework; name = UserNotifications.framework; path = System/Library/Frameworks/UserNotifications.framework; sourceTree = SDKROOT; };
		55D71FD72EE584FF007E0FA0 /* AppConfig-Sparkle.xcconfig */ = {isa = PBXFileReference; lastKnownFileType = text.xcconfig; path = "AppConfig-Sparkle.xcconfig"; sourceTree = "<group>"; };
		55D71FD82EE584FF007E0FA0 /* VisualDiffer-Sparkle.entitlements */ = {isa = PBXFileReference; lastKnownFileType = text.plist.entitlements; path = "VisualDiffer-Sparkle.entitlements"; sourceTree = "<group>"; };
		55D71FD92EE584FF007E0FA0 /* VisualDiffer-Sparkle-Info.plist */ = {isa = PBXFileReference; lastKnownFileType = text.plist.xml; path = "VisualDiffer-Sparkle-Info.plist"; sourceTree = "<group>"; };
		55E1029912C9E17300432C61 /* empty.png */ = {isa = PBXFileReference; lastKnownFileType = image.png; path = empty.png; sourceTree = "<group>"; };
		55E3A5641826552A002A890B /* lockedbadge.png */ = {isa = PBXFileReference; lastKnownFileType = image.png; path = lockedbadge.png; sourceTree = "<group>"; };
		55E3A5651826552A002A890B /* lockedbadge@2x.png */ = {isa = PBXFileReference; lastKnownFileType = image.png; path = "lockedbadge@2x.png"; sourceTree = "<group>"; };
		55E3EF3524C2D06800F7A95A /* Base */ = {isa = PBXFileReference; lastKnownFileType = file.xib; name = Base; path = Base.lproj/MainMenu.xib; sourceTree = "<group>"; };
		55ECD8671476B34600D8BEB4 /* VisualDiffer.entitlements */ = {isa = PBXFileReference; lastKnownFileType = text.xml; path = VisualDiffer.entitlements; sourceTree = "<group>"; };
		55F013FC27A90C46003EA2D4 /* AppConfig.xcconfig */ = {isa = PBXFileReference; lastKnownFileType = text.xcconfig; path = AppConfig.xcconfig; sourceTree = "<group>"; };
		8D15AC360486D014006FF6A4 /* VisualDiffer-Info.plist */ = {isa = PBXFileReference; explicitFileType = text.plist.xml; fileEncoding = 4; path = "VisualDiffer-Info.plist"; sourceTree = "<group>"; };
		8D15AC370486D014006FF6A4 /* VisualDiffer.app */ = {isa = PBXFileReference; explicitFileType = wrapper.application; includeInIndex = 0; path = VisualDiffer.app; sourceTree = BUILT_PRODUCTS_DIR; };
/* End PBXFileReference section */

/* Begin PBXFileSystemSynchronizedBuildFileExceptionSet section */
		55C9DA8A305A697C00D4FD1E /* Exceptions for "Tests" folder in "VisualDifferTests" target */ = {
			isa = PBXFileSystemSynchronizedBuildFileExceptionSet;
			membershipExceptions = (
				AppConfig.xcconfig,
				Signing.local.xcconfig,
				Versions.local.xcconfig,
				VisualDiffer.xctestplan,
			);
			target = 55944CC62E5C8D9F00FB1F8C /* VisualDifferTests */;
		};
/* End PBXFileSystemSynchronizedBuildFileExceptionSet section */

/* Begin PBXFileSystemSynchronizedRootGroup section */
		55C9D891305A665A00D4FD1E /* Sources */ = {
			isa = PBXFileSystemSynchronizedRootGroup;
			path = Sources;
			sourceTree = "<group>";
		};
		55C9DA5A305A697C00D4FD1E /* Tests */ = {
			isa = PBXFileSystemSynchronizedRootGroup;
			exceptions = (
				55C9DA8A305A697C00D4FD1E /* Exceptions for "Tests" folder in "VisualDifferTests" target */,
			);
			path = Tests;
			sourceTree = "<group>";
		};
		55C9DA95305A69E900D4FD1E /* visdiff */ = {
			isa = PBXFileSystemSynchronizedRootGroup;
			path = visdiff;
			sourceTree = "<group>";
		};
/* End PBXFileSystemSynchronizedRootGroup section */

/* Begin PBXFrameworksBuildPhase section */
		55944CC42E5C8D9F00FB1F8C /* Frameworks */ = {
			isa = PBXFrameworksBuildPhase;
			files = (
			);
		};
		55C1CBDF2E8BB6A2004FE322 /* Frameworks */ = {
			isa = PBXFrameworksBuildPhase;
			files = (
			);
		};
		8D15AC330486D014006FF6A4 /* Frameworks */ = {
			isa = PBXFrameworksBuildPhase;
			files = (
				557EBD89305AC79D00A9BBD2 /* Cocoa.framework in Frameworks */,
				55C84A712DA93ADB00BA39DA /* UserNotifications.framework in Frameworks */,
				55A027D4158242310004583F /* Quartz.framework in Frameworks */,
				55C165622EE444050082A24C /* Sparkle in Frameworks */,
				55740BF512D710EC004BF6CC /* IOKit.framework in Frameworks */,
				55740BF912D71103004BF6CC /* Security.framework in Frameworks */,
			);
		};
/* End PBXFrameworksBuildPhase section */

/* Begin PBXGroup section */
		19C28FB0FE9D524F11CA2CBB /* Products */ = {
			isa = PBXGroup;
			children = (
				8D15AC370486D014006FF6A4 /* VisualDiffer.app */,
				55944CC72E5C8D9F00FB1F8C /* VisualDifferTests.xctest */,
				55C1CBE22E8BB6A2004FE322 /* visdiff */,
			);
			name = Products;
			sourceTree = "<group>";
		};
		2A37F4AAFDCFA73011CA2CEA /* QuickDirtyDiff */ = {
			isa = PBXGroup;
			children = (
				55D71FD72EE584FF007E0FA0 /* AppConfig-Sparkle.xcconfig */,
				55D71FD82EE584FF007E0FA0 /* VisualDiffer-Sparkle.entitlements */,
				55D71FD92EE584FF007E0FA0 /* VisualDiffer-Sparkle-Info.plist */,
				55F013FC27A90C46003EA2D4 /* AppConfig.xcconfig */,
				557C181B2E7E8BDD00381A3A /* Signing.local.xcconfig */,
				557C181C2E7E8BDD00381A3A /* Versions.local.xcconfig */,
				555CAD9B1C2710D000371E4D /* Warnings.xcconfig */,
				55C9D891305A665A00D4FD1E /* Sources */,
				2A37F4C3FDCFA73011CA2CEA /* Frameworks */,
				55916A0A2E8A814200ED6629 /* Models */,
				19C28FB0FE9D524F11CA2CBB /* Products */,
				2A37F4B8FDCFA73011CA2CEA /* Resources */,
				55C9DA5A305A697C00D4FD1E /* Tests */,
				55C9DA95305A69E900D4FD1E /* visdiff */,
				55656A852DD34C5100DD5835 /* VisualDiffer-Bridging-Header.h */,
			);
			name = QuickDirtyDiff;
			sourceTree = "<group>";
		};
		2A37F4B8FDCFA73011CA2CEA /* Resources */ = {
			isa = PBXGroup;
			children = (
				5537434A2E937B7F00AB56D0 /* colors.json */,
				5537434B2E937B7F00AB56D0 /* colorsDark.json */,
				2A37F4B9FDCFA73011CA2CEA /* Credits.rtf */,
				55157D5C12898F8800826FF8 /* images */,
				557A47F12FF7DE3800D0F6B4 /* Localizable.xcstrings */,
				2F7446A70DB6BCF400F9684A /* MainMenu.xib */,
				5541CE4A2FFCD9E70044A569 /* vd.iconset */,
				5537434C2E937B7F00AB56D0 /* VDDefaults.plist */,
				55ECD8671476B34600D8BEB4 /* VisualDiffer.entitlements */,
				5537434D2E937B7F00AB56D0 /* VisualDiffer.sdef */,
				8D15AC360486D014006FF6A4 /* VisualDiffer-Info.plist */,
			);
			name = Resources;
			sourceTree = "<group>";
		};
		2A37F4C3FDCFA73011CA2CEA /* Frameworks */ = {
			isa = PBXGroup;
			children = (
				557EBD88305AC79D00A9BBD2 /* Cocoa.framework */,
				55C84A702DA93ADB00BA39DA /* UserNotifications.framework */,
				55740BF412D710EC004BF6CC /* IOKit.framework */,
				55A027D3158242310004583F /* Quartz.framework */,
				55740BF812D71103004BF6CC /* Security.framework */,
			);
			name = Frameworks;
			sourceTree = "<group>";
		};
		55157D5C12898F8800826FF8 /* images */ = {
			isa = PBXGroup;
			children = (
				5541CE442FFCD8DA0044A569 /* folder */,
				557315B02551307800CF4372 /* Images.xcassets */,
				559614B014B0471E0075ED34 /* aliasbadge.png */,
				5550B5921A21CD1F009BC4A4 /* aliasbadge@2x.png */,
				55E1029912C9E17300432C61 /* empty.png */,
				5550B5941A21D2F3009BC4A4 /* empty@2x.png */,
				55E3A5641826552A002A890B /* lockedbadge.png */,
				55E3A5651826552A002A890B /* lockedbadge@2x.png */,
			);
			path = images;
			sourceTree = "<group>";
		};
		5541CE442FFCD8DA0044A569 /* folder */ = {
			isa = PBXGroup;
			children = (
				5541CE3F2FFCD8DA0044A569 /* mask-back.png */,
				5541CE402FFCD8DA0044A569 /* mask-back-white.png */,
				5541CE412FFCD8DA0044A569 /* mask-front.png */,
				5541CE422FFCD8DA0044A569 /* mask-full.png */,
				5541CE432FFCD8DA0044A569 /* mask-middle.png */,
			);
			path = folder;
			sourceTree = "<group>";
		};
		55916A0A2E8A814200ED6629 /* Models */ = {
			isa = PBXGroup;
			children = (
				55916A082E8A814200ED6629 /* History.xcdatamodeld */,
				55916A092E8A814200ED6629 /* MyDocument.xcdatamodeld */,
			);
			path = Models;
			sourceTree = "<group>";
		};
/* End PBXGroup section */

/* Begin PBXNativeTarget section */
		55944CC62E5C8D9F00FB1F8C /* VisualDifferTests */ = {
			isa = PBXNativeTarget;
			buildConfigurationList = 55944CCD2E5C8D9F00FB1F8C /* Build configuration list for PBXNativeTarget "VisualDifferTests" */;
			buildPhases = (
				55944CC32E5C8D9F00FB1F8C /* Sources */,
				55944CC42E5C8D9F00FB1F8C /* Frameworks */,
				55944CC52E5C8D9F00FB1F8C /* Resources */,
			);
			buildRules = (
			);
			dependencies = (
				55944CCC2E5C8D9F00FB1F8C /* PBXTargetDependency */,
			);
			fileSystemSynchronizedGroups = (
				55C9DA5A305A697C00D4FD1E /* Tests */,
			);
			name = VisualDifferTests;
			productName = VisualDifferTests;
			productReference = 55944CC72E5C8D9F00FB1F8C /* VisualDifferTests.xctest */;
			productType = "com.apple.product-type.bundle.unit-test";
		};
		55C1CBE12E8BB6A2004FE322 /* visdiff */ = {
			isa = PBXNativeTarget;
			buildConfigurationList = 55C1CBE62E8BB6A2004FE322 /* Build configuration list for PBXNativeTarget "visdiff" */;
			buildPhases = (
				55C1CBDE2E8BB6A2004FE322 /* Sources */,
				55C1CBDF2E8BB6A2004FE322 /* Frameworks */,
			);
			buildRules = (
			);
			fileSystemSynchronizedGroups = (
				55C9DA95305A69E900D4FD1E /* visdiff */,
			);
			name = visdiff;
			productName = visdiff;
			productReference = 55C1CBE22E8BB6A2004FE322 /* visdiff */;
			productType = "com.apple.product-type.tool";
		};
		8D15AC270486D014006FF6A4 /* VisualDiffer */ = {
			isa = PBXNativeTarget;
			buildConfigurationList = 26FC0AA50875C8B900E6366F /* Build configuration list for PBXNativeTarget "VisualDiffer" */;
			buildPhases = (
				8D15AC2B0486D014006FF6A4 /* Resources */,
				5504B6FF255FCBBA00CDE04A /* Copy Visdiff to Helpers */,
				8D15AC300486D014006FF6A4 /* Sources */,
				8D15AC330486D014006FF6A4 /* Frameworks */,
				55943C852EE43E3800DE513B /* Embed Frameworks */,
			);
			buildRules = (
			);
			dependencies = (
				55C1CC002E8BB749004FE322 /* PBXTargetDependency */,
			);
			fileSystemSynchronizedGroups = (
				55C9D891305A665A00D4FD1E /* Sources */,
			);
			name = VisualDiffer;
			productInstallPath = "$(HOME)/Applications";
			productName = QuickDirtyDiff;
			productReference = 8D15AC370486D014006FF6A4 /* VisualDiffer.app */;
			productType = "com.apple.product-type.application";
		};
/* End PBXNativeTarget section */

/* Begin PBXProject section */
		2A37F4A9FDCFA73011CA2CEA /* Project object */ = {
			isa = PBXProject;
			attributes = {
				BuildIndependentTargetsInParallel = YES;
				CLASSPREFIX = "";
				LastSwiftUpdateCheck = 2600;
				LastTestingUpgradeCheck = 0600;
				LastUpgradeCheck = 2630;
				ORGANIZATIONNAME = visualdiffer.com;
				TargetAttributes = {
					55944CC62E5C8D9F00FB1F8C = {
						CreatedOnToolsVersion = 16.4;
						LastSwiftMigration = 1640;
						TestTargetID = 8D15AC270486D014006FF6A4;
					};
					55C1CBE12E8BB6A2004FE322 = {
						CreatedOnToolsVersion = 26.0.1;
						LastSwiftMigration = 2600;
					};
					8D15AC270486D014006FF6A4 = {
						LastSwiftMigration = 1630;
						ProvisioningStyle = Automatic;
					};
				};
			};
			buildConfigurationList = 26FC0AA90875C8B900E6366F /* Build configuration list for PBXProject "VisualDiffer" */;
			developmentRegion = en;
			hasScannedForEncodings = 1;
			knownRegions = (
				en,
				Base,
			);
			mainGroup = 2A37F4AAFDCFA73011CA2CEA /* QuickDirtyDiff */;
			packageReferences = (
				55C165602EE444050082A24C /* XCRemoteSwiftPackageReference "Sparkle" */,
			);
			preferredProjectObjectVersion = 90;
			productRefGroup = 19C28FB0FE9D524F11CA2CBB /* Products */;
			projectDirPath = "";
			projectRoot = "";
			targets = (
				8D15AC270486D014006FF6A4 /* VisualDiffer */,
				55C1CBE12E8BB6A2004FE322 /* visdiff */,
				55944CC62E5C8D9F00FB1F8C /* VisualDifferTests */,
			);
		};
/* End PBXProject section */

/* Begin PBXResourcesBuildPhase section */
		55944CC52E5C8D9F00FB1F8C /* Resources */ = {
			isa = PBXResourcesBuildPhase;
			files = (
			);
		};
		8D15AC2B0486D014006FF6A4 /* Resources */ = {
			isa = PBXResourcesBuildPhase;
			files = (
				8D15AC2C0486D014006FF6A4 /* Credits.rtf in Resources */,
				2F7446AB0DB6BCF400F9684A /* MainMenu.xib in Resources */,
				557315B12551307800CF4372 /* Images.xcassets in Resources */,
				5541CE4B2FFCD9E70044A569 /* vd.iconset in Resources */,
				55E3A5661826552A002A890B /* lockedbadge.png in Resources */,
				55E1029A12C9E17300432C61 /* empty.png in Resources */,
				5550B5931A21CD1F009BC4A4 /* aliasbadge@2x.png in Resources */,
				559614B114B0471E0075ED34 /* aliasbadge.png in Resources */,
				55E3A5671826552A002A890B /* lockedbadge@2x.png in Resources */,
				5550B5951A21D2F3009BC4A4 /* empty@2x.png in Resources */,
				5537434E2E937B7F00AB56D0 /* VDDefaults.plist in Resources */,
				5537434F2E937B7F00AB56D0 /* colors.json in Resources */,
				553743502E937B7F00AB56D0 /* colorsDark.json in Resources */,
				557A47F22FF7DE3800D0F6B4 /* Localizable.xcstrings in Resources */,
				5541CE452FFCD8DA0044A569 /* mask-full.png in Resources */,
				5541CE462FFCD8DA0044A569 /* mask-front.png in Resources */,
				5541CE472FFCD8DA0044A569 /* mask-middle.png in Resources */,
				5541CE482FFCD8DA0044A569 /* mask-back-white.png in Resources */,
				5541CE492FFCD8DA0044A569 /* mask-back.png in Resources */,
				553743512E937B7F00AB56D0 /* VisualDiffer.sdef in Resources */,
			);
		};
/* End PBXResourcesBuildPhase section */

/* Begin PBXSourcesBuildPhase section */
		55944CC32E5C8D9F00FB1F8C /* Sources */ = {
			isa = PBXSourcesBuildPhase;
			files = (
			);
		};
		55C1CBDE2E8BB6A2004FE322 /* Sources */ = {
			isa = PBXSourcesBuildPhase;
			files = (
			);
		};
		8D15AC300486D014006FF6A4 /* Sources */ = {
			isa = PBXSourcesBuildPhase;
			files = (
				55916A102E8A814200ED6629 /* MyDocument.xcdatamodeld in Sources */,
				55916A112E8A814200ED6629 /* History.xcdatamodeld in Sources */,
			);
		};
/* End PBXSourcesBuildPhase section */

/* Begin PBXTargetDependency section */
		55944CCC2E5C8D9F00FB1F8C /* PBXTargetDependency */ = {
			isa = PBXTargetDependency;
			target = 8D15AC270486D014006FF6A4 /* VisualDiffer */;
			targetProxy = 55944CCB2E5C8D9F00FB1F8C /* PBXContainerItemProxy */;
		};
		55C1CC002E8BB749004FE322 /* PBXTargetDependency */ = {
			isa = PBXTargetDependency;
			target = 55C1CBE12E8BB6A2004FE322 /* visdiff */;
			targetProxy = 55C1CBFF2E8BB749004FE322 /* PBXContainerItemProxy */;
		};
/* End PBXTargetDependency section */

/* Begin PBXVariantGroup section */
		2A37F4B9FDCFA73011CA2CEA /* Credits.rtf */ = {
			isa = PBXVariantGroup;
			children = (
				55B212092490AB3B001717DD /* en */,
			);
			name = Credits.rtf;
			sourceTree = "<group>";
		};
		2F7446A70DB6BCF400F9684A /* MainMenu.xib */ = {
			isa = PBXVariantGroup;
			children = (
				55E3EF3524C2D06800F7A95A /* Base */,
				557A47F32FF7DE3800D0F6B4 /* mul */,
			);
			name = MainMenu.xib;
			sourceTree = "<group>";
		};
/* End PBXVariantGroup section */

/* Begin XCBuildConfiguration section */
		26FC0AA60875C8B900E6366F /* Debug configuration for PBXNativeTarget "VisualDiffer" */ = {
			isa = XCBuildConfiguration;
			baseConfigurationReference = 55F013FC27A90C46003EA2D4 /* AppConfig.xcconfig */;
			buildSettings = {
				AUTOMATION_APPLE_EVENTS = YES;
				CLANG_ENABLE_MODULES = YES;
				CLANG_ENABLE_OBJC_ARC = YES;
				CLANG_WARN_DOCUMENTATION_COMMENTS = YES;
				COMBINE_HIDPI_IMAGES = YES;
				COPY_PHASE_STRIP = NO;
				DEAD_CODE_STRIPPING = YES;
				ENABLE_TESTING_SEARCH_PATHS = YES;
				GCC_DYNAMIC_NO_PIC = NO;
				GCC_ENABLE_OBJC_EXCEPTIONS = YES;
				GCC_OPTIMIZATION_LEVEL = 0;
				GCC_SYMBOLS_PRIVATE_EXTERN = NO;
				GCC_WARN_64_TO_32_BIT_CONVERSION = YES;
				GCC_WARN_ABOUT_MISSING_PROTOTYPES = YES;
				INSTALL_PATH = /Applications;
				PRODUCT_NAME = VisualDiffer;
				"SWIFT_ACTIVE_COMPILATION_CONDITIONS[arch=*]" = DEBUG;
				SWIFT_OBJC_BRIDGING_HEADER = "VisualDiffer-Bridging-Header.h";
				SWIFT_OPTIMIZATION_LEVEL = "-Onone";
				WRAPPER_EXTENSION = app;
			};
			name = Debug;
		};
		26FC0AA70875C8B900E6366F /* Release configuration for PBXNativeTarget "VisualDiffer" */ = {
			isa = XCBuildConfiguration;
			baseConfigurationReference = 55F013FC27A90C46003EA2D4 /* AppConfig.xcconfig */;
			buildSettings = {
				AUTOMATION_APPLE_EVENTS = YES;
				CLANG_ENABLE_MODULES = YES;
				CLANG_ENABLE_OBJC_ARC = YES;
				CLANG_WARN_DOCUMENTATION_COMMENTS = YES;
				COMBINE_HIDPI_IMAGES = YES;
				DEAD_CODE_STRIPPING = YES;
				DEBUG_INFORMATION_FORMAT = "dwarf-with-dsym";
				ENABLE_TESTING_SEARCH_PATHS = YES;
				GCC_ENABLE_OBJC_EXCEPTIONS = YES;
				GCC_PREPROCESSOR_DEFINITIONS = (
					NDEBUG,
					NS_BLOCK_ASSERTIONS,
				);
				GCC_WARN_64_TO_32_BIT_CONVERSION = YES;
				GCC_WARN_ABOUT_MISSING_PROTOTYPES = YES;
				INSTALL_PATH = /Applications;
				PRODUCT_NAME = VisualDiffer;
				SWIFT_OBJC_BRIDGING_HEADER = "VisualDiffer-Bridging-Header.h";
				WRAPPER_EXTENSION = app;
			};
			name = Release;
		};
		26FC0AAA0875C8B900E6366F /* Debug configuration for PBXProject "VisualDiffer" */ = {
			isa = XCBuildConfiguration;
			buildSettings = {
				ALWAYS_SEARCH_USER_PATHS = NO;
				CLANG_ANALYZER_LOCALIZABILITY_NONLOCALIZED = YES;
				CLANG_WARN_BLOCK_CAPTURE_AUTORELEASING = YES;
				CLANG_WARN_COMMA = YES;
				CLANG_WARN_DEPRECATED_OBJC_IMPLEMENTATIONS = YES;
				CLANG_WARN_EMPTY_BODY = YES;
				CLANG_WARN_INFINITE_RECURSION = YES;
				CLANG_WARN_OBJC_IMPLICIT_RETAIN_SELF = YES;
				CLANG_WARN_QUOTED_INCLUDE_IN_FRAMEWORK_HEADER = YES;
				CLANG_WARN_RANGE_LOOP_ANALYSIS = YES;
				CLANG_WARN_STRICT_PROTOTYPES = YES;
				CLANG_WARN_SUSPICIOUS_IMPLICIT_CONVERSION = YES;
				CLANG_WARN_SUSPICIOUS_MOVE = YES;
				CLANG_WARN_UNREACHABLE_CODE = YES;
				CLANG_WARN__DUPLICATE_METHOD_MATCH = YES;
				DEAD_CODE_STRIPPING = YES;
				DEBUG_INFORMATION_FORMAT = dwarf;
				ENABLE_STRICT_OBJC_MSGSEND = YES;
				ENABLE_TESTABILITY = YES;
				ENABLE_USER_SCRIPT_SANDBOXING = YES;
				GCC_C_LANGUAGE_STANDARD = gnu17;
				GCC_NO_COMMON_BLOCKS = YES;
				GCC_PREPROCESSOR_DEFINITIONS = "";
				GCC_WARN_64_TO_32_BIT_CONVERSION = YES;
				GCC_WARN_ABOUT_MISSING_NEWLINE = YES;
				GCC_WARN_ABOUT_RETURN_TYPE = YES;
				GCC_WARN_SIGN_COMPARE = YES;
				GCC_WARN_UNDECLARED_SELECTOR = YES;
				GCC_WARN_UNINITIALIZED_AUTOS = YES;
				GCC_WARN_UNUSED_FUNCTION = YES;
				GCC_WARN_UNUSED_VARIABLE = YES;
				MACOSX_DEPLOYMENT_TARGET = 13.5;
				ONLY_ACTIVE_ARCH = YES;
				OTHER_CFLAGS = (
					"-DDEBUG",
					"-Wall",
					"-Wextra",
					"-Wno-unused-parameter",
					"-Wno-missing-field-initializers",
				);
				SDKROOT = macosx;
				STRING_CATALOG_GENERATE_SYMBOLS = YES;
				SWIFT_EMIT_LOC_STRINGS = YES;
				SWIFT_VERSION = 6.0;
			};
			name = Debug;
		};
		26FC0AAB0875C8B900E6366F /* Release configuration for PBXProject "VisualDiffer" */ = {
			isa = XCBuildConfiguration;
			buildSettings = {
				ALWAYS_SEARCH_USER_PATHS = NO;
				CLANG_ANALYZER_LOCALIZABILITY_NONLOCALIZED = YES;
				CLANG_WARN_BLOCK_CAPTURE_AUTORELEASING = YES;
				CLANG_WARN_COMMA = YES;
				CLANG_WARN_DEPRECATED_OBJC_IMPLEMENTATIONS = YES;
				CLANG_WARN_EMPTY_BODY = YES;
				CLANG_WARN_INFINITE_RECURSION = YES;
				CLANG_WARN_OBJC_IMPLICIT_RETAIN_SELF = YES;
				CLANG_WARN_QUOTED_INCLUDE_IN_FRAMEWORK_HEADER = YES;
				CLANG_WARN_RANGE_LOOP_ANALYSIS = YES;
				CLANG_WARN_STRICT_PROTOTYPES = YES;
				CLANG_WARN_SUSPICIOUS_IMPLICIT_CONVERSION = YES;
				CLANG_WARN_SUSPICIOUS_MOVE = YES;
				CLANG_WARN_UNREACHABLE_CODE = YES;
				CLANG_WARN__DUPLICATE_METHOD_MATCH = YES;
				DEAD_CODE_STRIPPING = YES;
				DEBUG_INFORMATION_FORMAT = "dwarf-with-dsym";
				ENABLE_STRICT_OBJC_MSGSEND = YES;
				ENABLE_USER_SCRIPT_SANDBOXING = YES;
				GCC_C_LANGUAGE_STANDARD = gnu17;
				GCC_NO_COMMON_BLOCKS = YES;
				GCC_PREPROCESSOR_DEFINITIONS = "";
				GCC_WARN_64_TO_32_BIT_CONVERSION = YES;
				GCC_WARN_ABOUT_MISSING_NEWLINE = YES;
				GCC_WARN_ABOUT_RETURN_TYPE = YES;
				GCC_WARN_SIGN_COMPARE = YES;
				GCC_WARN_UNDECLARED_SELECTOR = YES;
				GCC_WARN_UNINITIALIZED_AUTOS = YES;
				GCC_WARN_UNUSED_FUNCTION = YES;
				GCC_WARN_UNUSED_VARIABLE = YES;
				MACOSX_DEPLOYMENT_TARGET = 13.5;
				OTHER_CFLAGS = (
					"-Wall",
					"-Wextra",
					"-Wno-unused-parameter",
					"-Wno-missing-field-initializers",
				);
				SDKROOT = macosx;
				STRING_CATALOG_GENERATE_SYMBOLS = YES;
				SWIFT_COMPILATION_MODE = wholemodule;
				SWIFT_EMIT_LOC_STRINGS = YES;
				SWIFT_VERSION = 6.0;
			};
			name = Release;
		};
		558893662E7FF93B003B7117 /* DebugNoSandbox configuration for PBXProject "VisualDiffer" */ = {
			isa = XCBuildConfiguration;
			buildSettings = {
				ALWAYS_SEARCH_USER_PATHS = NO;
				CLANG_ANALYZER_LOCALIZABILITY_NONLOCALIZED = YES;
				CLANG_WARN_BLOCK_CAPTURE_AUTORELEASING = YES;
				CLANG_WARN_COMMA = YES;
				CLANG_WARN_DEPRECATED_OBJC_IMPLEMENTATIONS = YES;
				CLANG_WARN_EMPTY_BODY = YES;
				CLANG_WARN_INFINITE_RECURSION = YES;
				CLANG_WARN_OBJC_IMPLICIT_RETAIN_SELF = YES;
				CLANG_WARN_QUOTED_INCLUDE_IN_FRAMEWORK_HEADER = YES;
				CLANG_WARN_RANGE_LOOP_ANALYSIS = YES;
				CLANG_WARN_STRICT_PROTOTYPES = YES;
				CLANG_WARN_SUSPICIOUS_IMPLICIT_CONVERSION = YES;
				CLANG_WARN_SUSPICIOUS_MOVE = YES;
				CLANG_WARN_UNREACHABLE_CODE = YES;
				CLANG_WARN__DUPLICATE_METHOD_MATCH = YES;
				DEAD_CODE_STRIPPING = YES;
				DEBUG_INFORMATION_FORMAT = dwarf;
				ENABLE_STRICT_OBJC_MSGSEND = YES;
				ENABLE_TESTABILITY = YES;
				ENABLE_USER_SCRIPT_SANDBOXING = YES;
				GCC_C_LANGUAGE_STANDARD = gnu17;
				GCC_NO_COMMON_BLOCKS = YES;
				GCC_PREPROCESSOR_DEFINITIONS = "";
				GCC_WARN_64_TO_32_BIT_CONVERSION = YES;
				GCC_WARN_ABOUT_MISSING_NEWLINE = YES;
				GCC_WARN_ABOUT_RETURN_TYPE = YES;
				GCC_WARN_SIGN_COMPARE = YES;
				GCC_WARN_UNDECLARED_SELECTOR = YES;
				GCC_WARN_UNINITIALIZED_AUTOS = YES;
				GCC_WARN_UNUSED_FUNCTION = YES;
				GCC_WARN_UNUSED_VARIABLE = YES;
				MACOSX_DEPLOYMENT_TARGET = 13.5;
				ONLY_ACTIVE_ARCH = YES;
				OTHER_CFLAGS = (
					"-DDEBUG",
					"-Wall",
					"-Wextra",
					"-Wno-unused-parameter",
					"-Wno-missing-field-initializers",
				);
				SDKROOT = macosx;
				STRING_CATALOG_GENERATE_SYMBOLS = YES;
				SWIFT_EMIT_LOC_STRINGS = YES;
				SWIFT_VERSION = 6.0;
			};
			name = DebugNoSandbox;
		};
		558893672E7FF93B003B7117 /* DebugNoSandbox configuration for PBXNativeTarget "VisualDiffer" */ = {
			isa = XCBuildConfiguration;
			baseConfigurationReference = 55F013FC27A90C46003EA2D4 /* AppConfig.xcconfig */;
			buildSettings = {
				AUTOMATION_APPLE_EVENTS = YES;
				CLANG_ENABLE_MODULES = YES;
				CLANG_ENABLE_OBJC_ARC = YES;
				CLANG_WARN_DOCUMENTATION_COMMENTS = YES;
				COMBINE_HIDPI_IMAGES = YES;
				COPY_PHASE_STRIP = NO;
				DEAD_CODE_STRIPPING = YES;
				ENABLE_TESTING_SEARCH_PATHS = YES;
				GCC_DYNAMIC_NO_PIC = NO;
				GCC_ENABLE_OBJC_EXCEPTIONS = YES;
				GCC_OPTIMIZATION_LEVEL = 0;
				GCC_SYMBOLS_PRIVATE_EXTERN = NO;
				GCC_WARN_64_TO_32_BIT_CONVERSION = YES;
				GCC_WARN_ABOUT_MISSING_PROTOTYPES = YES;
				INSTALL_PATH = /Applications;
				PRODUCT_NAME = VisualDiffer;
				"SWIFT_ACTIVE_COMPILATION_CONDITIONS[arch=*]" = DEBUG;
				SWIFT_OBJC_BRIDGING_HEADER = "VisualDiffer-Bridging-Header.h";
				SWIFT_OPTIMIZATION_LEVEL = "-Onone";
				WRAPPER_EXTENSION = app;
			};
			name = DebugNoSandbox;
		};
		558893692E7FF93B003B7117 /* DebugNoSandbox configuration for PBXNativeTarget "VisualDifferTests" */ = {
			isa = XCBuildConfiguration;
			baseConfigurationReferenceAnchor = 55C9DA5A305A697C00D4FD1E /* Tests */;
			baseConfigurationReferenceRelativePath = AppConfig.xcconfig;
			buildSettings = {
				ASSETCATALOG_COMPILER_GENERATE_SWIFT_ASSET_SYMBOL_EXTENSIONS = YES;
				BUNDLE_LOADER = "$(TEST_HOST)";
				CLANG_ANALYZER_NONNULL = YES;
				CLANG_ANALYZER_NUMBER_OBJECT_CONVERSION = YES_AGGRESSIVE;
				CLANG_CXX_LANGUAGE_STANDARD = "gnu++20";
				CLANG_ENABLE_MODULES = YES;
				CLANG_ENABLE_OBJC_ARC = YES;
				CLANG_ENABLE_OBJC_WEAK = YES;
				CLANG_WARN_BOOL_CONVERSION = YES;
				CLANG_WARN_CONSTANT_CONVERSION = YES;
				CLANG_WARN_DIRECT_OBJC_ISA_USAGE = YES_ERROR;
				CLANG_WARN_DOCUMENTATION_COMMENTS = YES;
				CLANG_WARN_ENUM_CONVERSION = YES;
				CLANG_WARN_INT_CONVERSION = YES;
				CLANG_WARN_NON_LITERAL_NULL_CONVERSION = YES;
				CLANG_WARN_OBJC_LITERAL_CONVERSION = YES;
				CLANG_WARN_OBJC_ROOT_CLASS = YES_ERROR;
				CLANG_WARN_UNGUARDED_AVAILABILITY = YES_AGGRESSIVE;
				CLANG_WARN_UNREACHABLE_CODE = YES;
				COPY_PHASE_STRIP = NO;
				CURRENT_PROJECT_VERSION = 1;
				DEBUG_INFORMATION_FORMAT = dwarf;
				ENABLE_USER_SELECTED_FILES = readwrite;
				GCC_DYNAMIC_NO_PIC = NO;
				GCC_OPTIMIZATION_LEVEL = 0;
				GCC_PREPROCESSOR_DEFINITIONS = (
					"DEBUG=1",
					"$(inherited)",
				);
				GCC_WARN_64_TO_32_BIT_CONVERSION = YES;
				GCC_WARN_ABOUT_RETURN_TYPE = YES_ERROR;
				GCC_WARN_UNDECLARED_SELECTOR = YES;
				GCC_WARN_UNINITIALIZED_AUTOS = YES_AGGRESSIVE;
				GCC_WARN_UNUSED_FUNCTION = YES;
				GENERATE_INFOPLIST_FILE = YES;
				LOCALIZATION_PREFERS_STRING_CATALOGS = YES;
				MARKETING_VERSION = 1.0;
				MTL_ENABLE_DEBUG_INFO = INCLUDE_SOURCE;
				MTL_FAST_MATH = YES;
				PRODUCT_NAME = "$(TARGET_NAME)";
				SWIFT_ACTIVE_COMPILATION_CONDITIONS = "DEBUG $(inherited)";
				SWIFT_EMIT_LOC_STRINGS = NO;
				SWIFT_OPTIMIZATION_LEVEL = "-Onone";
				TEST_HOST = "$(BUILT_PRODUCTS_DIR)/VisualDiffer.app/$(BUNDLE_EXECUTABLE_FOLDER_PATH)/VisualDiffer";
			};
			name = DebugNoSandbox;
		};
		55944CCE2E5C8D9F00FB1F8C /* Debug configuration for PBXNativeTarget "VisualDifferTests" */ = {
			isa = XCBuildConfiguration;
			baseConfigurationReferenceAnchor = 55C9DA5A305A697C00D4FD1E /* Tests */;
			baseConfigurationReferenceRelativePath = AppConfig.xcconfig;
			buildSettings = {
				ASSETCATALOG_COMPILER_GENERATE_SWIFT_ASSET_SYMBOL_EXTENSIONS = YES;
				BUNDLE_LOADER = "$(TEST_HOST)";
				CLANG_ANALYZER_NONNULL = YES;
				CLANG_ANALYZER_NUMBER_OBJECT_CONVERSION = YES_AGGRESSIVE;
				CLANG_CXX_LANGUAGE_STANDARD = "gnu++20";
				CLANG_ENABLE_MODULES = YES;
				CLANG_ENABLE_OBJC_ARC = YES;
				CLANG_ENABLE_OBJC_WEAK = YES;
				CLANG_WARN_BOOL_CONVERSION = YES;
				CLANG_WARN_CONSTANT_CONVERSION = YES;
				CLANG_WARN_DIRECT_OBJC_ISA_USAGE = YES_ERROR;
				CLANG_WARN_DOCUMENTATION_COMMENTS = YES;
				CLANG_WARN_ENUM_CONVERSION = YES;
				CLANG_WARN_INT_CONVERSION = YES;
				CLANG_WARN_NON_LITERAL_NULL_CONVERSION = YES;
				CLANG_WARN_OBJC_LITERAL_CONVERSION = YES;
				CLANG_WARN_OBJC_ROOT_CLASS = YES_ERROR;
				CLANG_WARN_UNGUARDED_AVAILABILITY = YES_AGGRESSIVE;
				CLANG_WARN_UNREACHABLE_CODE = YES;
				COPY_PHASE_STRIP = NO;
				CURRENT_PROJECT_VERSION = 1;
				DEBUG_INFORMATION_FORMAT = dwarf;
				ENABLE_USER_SELECTED_FILES = readwrite;
				GCC_DYNAMIC_NO_PIC = NO;
				GCC_OPTIMIZATION_LEVEL = 0;
				GCC_PREPROCESSOR_DEFINITIONS = (
					"DEBUG=1",
					"$(inherited)",
				);
				GCC_WARN_64_TO_32_BIT_CONVERSION = YES;
				GCC_WARN_ABOUT_RETURN_TYPE = YES_ERROR;
				GCC_WARN_UNDECLARED_SELECTOR = YES;
				GCC_WARN_UNINITIALIZED_AUTOS = YES_AGGRESSIVE;
				GCC_WARN_UNUSED_FUNCTION = YES;
				GENERATE_INFOPLIST_FILE = YES;
				LOCALIZATION_PREFERS_STRING_CATALOGS = YES;
				MARKETING_VERSION = 1.0;
				MTL_ENABLE_DEBUG_INFO = INCLUDE_SOURCE;
				MTL_FAST_MATH = YES;
				PRODUCT_NAME = "$(TARGET_NAME)";
				SWIFT_ACTIVE_COMPILATION_CONDITIONS = "DEBUG $(inherited)";
				SWIFT_EMIT_LOC_STRINGS = NO;
				SWIFT_OPTIMIZATION_LEVEL = "-Onone";
				TEST_HOST = "$(BUILT_PRODUCTS_DIR)/VisualDiffer.app/$(BUNDLE_EXECUTABLE_FOLDER_PATH)/VisualDiffer";
			};
			name = Debug;
		};
		55944CD02E5C8D9F00FB1F8C /* Release configuration for PBXNativeTarget "VisualDifferTests" */ = {
			isa = XCBuildConfiguration;
			baseConfigurationReferenceAnchor = 55C9DA5A305A697C00D4FD1E /* Tests */;
			baseConfigurationReferenceRelativePath = AppConfig.xcconfig;
			buildSettings = {
				ASSETCATALOG_COMPILER_GENERATE_SWIFT_ASSET_SYMBOL_EXTENSIONS = YES;
				BUNDLE_LOADER = "$(TEST_HOST)";
				CLANG_ANALYZER_NONNULL = YES;
				CLANG_ANALYZER_NUMBER_OBJECT_CONVERSION = YES_AGGRESSIVE;
				CLANG_CXX_LANGUAGE_STANDARD = "gnu++20";
				CLANG_ENABLE_MODULES = YES;
				CLANG_ENABLE_OBJC_ARC = YES;
				CLANG_ENABLE_OBJC_WEAK = YES;
				CLANG_WARN_BOOL_CONVERSION = YES;
				CLANG_WARN_CONSTANT_CONVERSION = YES;
				CLANG_WARN_DIRECT_OBJC_ISA_USAGE = YES_ERROR;
				CLANG_WARN_DOCUMENTATION_COMMENTS = YES;
				CLANG_WARN_ENUM_CONVERSION = YES;
				CLANG_WARN_INT_CONVERSION = YES;
				CLANG_WARN_NON_LITERAL_NULL_CONVERSION = YES;
				CLANG_WARN_OBJC_LITERAL_CONVERSION = YES;
				CLANG_WARN_OBJC_ROOT_CLASS = YES_ERROR;
				CLANG_WARN_UNGUARDED_AVAILABILITY = YES_AGGRESSIVE;
				CLANG_WARN_UNREACHABLE_CODE = YES;
				COPY_PHASE_STRIP = NO;
				CURRENT_PROJECT_VERSION = 1;
				ENABLE_NS_ASSERTIONS = NO;
				ENABLE_USER_SELECTED_FILES = readwrite;
				GCC_WARN_64_TO_32_BIT_CONVERSION = YES;
				GCC_WARN_ABOUT_RETURN_TYPE = YES_ERROR;
				GCC_WARN_UNDECLARED_SELECTOR = YES;
				GCC_WARN_UNINITIALIZED_AUTOS = YES_AGGRESSIVE;
				GCC_WARN_UNUSED_FUNCTION = YES;
				GENERATE_INFOPLIST_FILE = YES;
				LOCALIZATION_PREFERS_STRING_CATALOGS = YES;
				MARKETING_VERSION = 1.0;
				MTL_ENABLE_DEBUG_INFO = NO;
				MTL_FAST_MATH = YES;
				PRODUCT_NAME = "$(TARGET_NAME)";
				SWIFT_EMIT_LOC_STRINGS = NO;
				TEST_HOST = "$(BUILT_PRODUCTS_DIR)/VisualDiffer.app/$(BUNDLE_EXECUTABLE_FOLDER_PATH)/VisualDiffer";
			};
			name = Release;
		};
		55C1CBE72E8BB6A2004FE322 /* Debug configuration for PBXNativeTarget "visdiff" */ = {
			isa = XCBuildConfiguration;
			baseConfigurationReferenceAnchor = 55C9DA95305A69E900D4FD1E /* visdiff */;
			baseConfigurationReferenceRelativePath = AppConfig.xcconfig;
			buildSettings = {
				ASSETCATALOG_COMPILER_GENERATE_SWIFT_ASSET_SYMBOL_EXTENSIONS = YES;
				CLANG_ANALYZER_NONNULL = YES;
				CLANG_ANALYZER_NUMBER_OBJECT_CONVERSION = YES_AGGRESSIVE;
				CLANG_CXX_LANGUAGE_STANDARD = "gnu++20";
				CLANG_ENABLE_MODULES = YES;
				CLANG_ENABLE_OBJC_ARC = YES;
				CLANG_ENABLE_OBJC_WEAK = YES;
				CLANG_WARN_BOOL_CONVERSION = YES;
				CLANG_WARN_CONSTANT_CONVERSION = YES;
				CLANG_WARN_DIRECT_OBJC_ISA_USAGE = YES_ERROR;
				CLANG_WARN_DOCUMENTATION_COMMENTS = YES;
				CLANG_WARN_ENUM_CONVERSION = YES;
				CLANG_WARN_INT_CONVERSION = YES;
				CLANG_WARN_NON_LITERAL_NULL_CONVERSION = YES;
				CLANG_WARN_OBJC_LITERAL_CONVERSION = YES;
				CLANG_WARN_OBJC_ROOT_CLASS = YES_ERROR;
				CLANG_WARN_UNGUARDED_AVAILABILITY = YES_AGGRESSIVE;
				CLANG_WARN_UNREACHABLE_CODE = YES;
				CODE_SIGN_STYLE = Automatic;
				COPY_PHASE_STRIP = NO;
				DEBUG_INFORMATION_FORMAT = dwarf;
				ENABLE_HARDENED_RUNTIME = YES;
				GCC_DYNAMIC_NO_PIC = NO;
				GCC_OPTIMIZATION_LEVEL = 0;
				GCC_PREPROCESSOR_DEFINITIONS = (
					"DEBUG=1",
					"$(inherited)",
				);
				GCC_WARN_64_TO_32_BIT_CONVERSION = YES;
				GCC_WARN_ABOUT_RETURN_TYPE = YES_ERROR;
				GCC_WARN_UNDECLARED_SELECTOR = YES;
				GCC_WARN_UNINITIALIZED_AUTOS = YES_AGGRESSIVE;
				GCC_WARN_UNUSED_FUNCTION = YES;
				LOCALIZATION_PREFERS_STRING_CATALOGS = YES;
				MTL_ENABLE_DEBUG_INFO = INCLUDE_SOURCE;
				MTL_FAST_MATH = YES;
				SWIFT_ACTIVE_COMPILATION_CONDITIONS = "DEBUG $(inherited)";
				SWIFT_APPROACHABLE_CONCURRENCY = YES;
				SWIFT_OPTIMIZATION_LEVEL = "-Onone";
				SWIFT_UPCOMING_FEATURE_MEMBER_IMPORT_VISIBILITY = YES;
			};
			name = Debug;
		};
		55C1CBE82E8BB6A2004FE322 /* DebugNoSandbox configuration for PBXNativeTarget "visdiff" */ = {
			isa = XCBuildConfiguration;
			baseConfigurationReferenceAnchor = 55C9DA95305A69E900D4FD1E /* visdiff */;
			baseConfigurationReferenceRelativePath = AppConfig.xcconfig;
			buildSettings = {
				ASSETCATALOG_COMPILER_GENERATE_SWIFT_ASSET_SYMBOL_EXTENSIONS = YES;
				CLANG_ANALYZER_NONNULL = YES;
				CLANG_ANALYZER_NUMBER_OBJECT_CONVERSION = YES_AGGRESSIVE;
				CLANG_CXX_LANGUAGE_STANDARD = "gnu++20";
				CLANG_ENABLE_MODULES = YES;
				CLANG_ENABLE_OBJC_ARC = YES;
				CLANG_ENABLE_OBJC_WEAK = YES;
				CLANG_WARN_BOOL_CONVERSION = YES;
				CLANG_WARN_CONSTANT_CONVERSION = YES;
				CLANG_WARN_DIRECT_OBJC_ISA_USAGE = YES_ERROR;
				CLANG_WARN_DOCUMENTATION_COMMENTS = YES;
				CLANG_WARN_ENUM_CONVERSION = YES;
				CLANG_WARN_INT_CONVERSION = YES;
				CLANG_WARN_NON_LITERAL_NULL_CONVERSION = YES;
				CLANG_WARN_OBJC_LITERAL_CONVERSION = YES;
				CLANG_WARN_OBJC_ROOT_CLASS = YES_ERROR;
				CLANG_WARN_UNGUARDED_AVAILABILITY = YES_AGGRESSIVE;
				CLANG_WARN_UNREACHABLE_CODE = YES;
				CODE_SIGN_STYLE = Automatic;
				COPY_PHASE_STRIP = NO;
				DEBUG_INFORMATION_FORMAT = dwarf;
				ENABLE_HARDENED_RUNTIME = YES;
				GCC_DYNAMIC_NO_PIC = NO;
				GCC_OPTIMIZATION_LEVEL = 0;
				GCC_PREPROCESSOR_DEFINITIONS = (
					"DEBUG=1",
					"$(inherited)",
				);
				GCC_WARN_64_TO_32_BIT_CONVERSION = YES;
				GCC_WARN_ABOUT_RETURN_TYPE = YES_ERROR;
				GCC_WARN_UNDECLARED_SELECTOR = YES;
				GCC_WARN_UNINITIALIZED_AUTOS = YES_AGGRESSIVE;
				GCC_WARN_UNUSED_FUNCTION = YES;
				LOCALIZATION_PREFERS_STRING_CATALOGS = YES;
				MTL_ENABLE_DEBUG_INFO = INCLUDE_SOURCE;
				MTL_FAST_MATH = YES;
				SWIFT_ACTIVE_COMPILATION_CONDITIONS = "DEBUG $(inherited)";
				SWIFT_APPROACHABLE_CONCURRENCY = YES;
				SWIFT_OPTIMIZATION_LEVEL = "-Onone";
				SWIFT_UPCOMING_FEATURE_MEMBER_IMPORT_VISIBILITY = YES;
			};
			name = DebugNoSandbox;
		};
		55C1CBE92E8BB6A2004FE322 /* Release configuration for PBXNativeTarget "visdiff" */ = {
			isa = XCBuildConfiguration;
			baseConfigurationReferenceAnchor = 55C9DA95305A69E900D4FD1E /* visdiff */;
			baseConfigurationReferenceRelativePath = AppConfig.xcconfig;
			buildSettings = {
				ASSETCATALOG_COMPILER_GENERATE_SWIFT_ASSET_SYMBOL_EXTENSIONS = YES;
				CLANG_ANALYZER_NONNULL = YES;
				CLANG_ANALYZER_NUMBER_OBJECT_CONVERSION = YES_AGGRESSIVE;
				CLANG_CXX_LANGUAGE_STANDARD = "gnu++20";
				CLANG_ENABLE_MODULES = YES;
				CLANG_ENABLE_OBJC_ARC = YES;
				CLANG_ENABLE_OBJC_WEAK = YES;
				CLANG_WARN_BOOL_CONVERSION = YES;
				CLANG_WARN_CONSTANT_CONVERSION = YES;
				CLANG_WARN_DIRECT_OBJC_ISA_USAGE = YES_ERROR;
				CLANG_WARN_DOCUMENTATION_COMMENTS = YES;
				CLANG_WARN_ENUM_CONVERSION = YES;
				CLANG_WARN_INT_CONVERSION = YES;
				CLANG_WARN_NON_LITERAL_NULL_CONVERSION = YES;
				CLANG_WARN_OBJC_LITERAL_CONVERSION = YES;
				CLANG_WARN_OBJC_ROOT_CLASS = YES_ERROR;
				CLANG_WARN_UNGUARDED_AVAILABILITY = YES_AGGRESSIVE;
				CLANG_WARN_UNREACHABLE_CODE = YES;
				CODE_SIGN_STYLE = Automatic;
				COPY_PHASE_STRIP = NO;
				ENABLE_HARDENED_RUNTIME = YES;
				ENABLE_NS_ASSERTIONS = NO;
				GCC_WARN_64_TO_32_BIT_CONVERSION = YES;
				GCC_WARN_ABOUT_RETURN_TYPE = YES_ERROR;
				GCC_WARN_UNDECLARED_SELECTOR = YES;
				GCC_WARN_UNINITIALIZED_AUTOS = YES_AGGRESSIVE;
				GCC_WARN_UNUSED_FUNCTION = YES;
				LOCALIZATION_PREFERS_STRING_CATALOGS = YES;
				MTL_ENABLE_DEBUG_INFO = NO;
				MTL_FAST_MATH = YES;
				SWIFT_APPROACHABLE_CONCURRENCY = YES;
				SWIFT_UPCOMING_FEATURE_MEMBER_IMPORT_VISIBILITY = YES;
			};
			name = Release;
		};
		55D71FDA2EE58630007E0FA0 /* Sparkle configuration for PBXProject "VisualDiffer" */ = {
			isa = XCBuildConfiguration;
			buildSettings = {
				ALWAYS_SEARCH_USER_PATHS = NO;
				CLANG_ANALYZER_LOCALIZABILITY_NONLOCALIZED = YES;
				CLANG_WARN_BLOCK_CAPTURE_AUTORELEASING = YES;
				CLANG_WARN_COMMA = YES;
				CLANG_WARN_DEPRECATED_OBJC_IMPLEMENTATIONS = YES;
				CLANG_WARN_EMPTY_BODY = YES;
				CLANG_WARN_INFINITE_RECURSION = YES;
				CLANG_WARN_OBJC_IMPLICIT_RETAIN_SELF = YES;
				CLANG_WARN_QUOTED_INCLUDE_IN_FRAMEWORK_HEADER = YES;
				CLANG_WARN_RANGE_LOOP_ANALYSIS = YES;
				CLANG_WARN_STRICT_PROTOTYPES = YES;
				CLANG_WARN_SUSPICIOUS_IMPLICIT_CONVERSION = YES;
				CLANG_WARN_SUSPICIOUS_MOVE = YES;
				CLANG_WARN_UNREACHABLE_CODE = YES;
				CLANG_WARN__DUPLICATE_METHOD_MATCH = YES;
				DEAD_CODE_STRIPPING = YES;
				DEBUG_INFORMATION_FORMAT = "dwarf-with-dsym";
				ENABLE_STRICT_OBJC_MSGSEND = YES;
				ENABLE_USER_SCRIPT_SANDBOXING = YES;
				GCC_C_LANGUAGE_STANDARD = gnu17;
				GCC_NO_COMMON_BLOCKS = YES;
				GCC_PREPROCESSOR_DEFINITIONS = "";
				GCC_WARN_64_TO_32_BIT_CONVERSION = YES;
				GCC_WARN_ABOUT_MISSING_NEWLINE = YES;
				GCC_WARN_ABOUT_RETURN_TYPE = YES;
				GCC_WARN_SIGN_COMPARE = YES;
				GCC_WARN_UNDECLARED_SELECTOR = YES;
				GCC_WARN_UNINITIALIZED_AUTOS = YES;
				GCC_WARN_UNUSED_FUNCTION = YES;
				GCC_WARN_UNUSED_VARIABLE = YES;
				MACOSX_DEPLOYMENT_TARGET = 13.5;
				OTHER_CFLAGS = (
					"-Wall",
					"-Wextra",
					"-Wno-unused-parameter",
					"-Wno-missing-field-initializers",
				);
				SDKROOT = macosx;
				STRING_CATALOG_GENERATE_SYMBOLS = YES;
				SWIFT_COMPILATION_MODE = wholemodule;
				SWIFT_EMIT_LOC_STRINGS = YES;
				SWIFT_VERSION = 6.0;
			};
			name = Sparkle;
		};
		55D71FDB2EE58630007E0FA0 /* Sparkle configuration for PBXNativeTarget "VisualDiffer" */ = {
			isa = XCBuildConfiguration;
			baseConfigurationReference = 55D71FD72EE584FF007E0FA0 /* AppConfig-Sparkle.xcconfig */;
			buildSettings = {
				AUTOMATION_APPLE_EVENTS = YES;
				CLANG_ENABLE_MODULES = YES;
				CLANG_ENABLE_OBJC_ARC = YES;
				CLANG_WARN_DOCUMENTATION_COMMENTS = YES;
				COMBINE_HIDPI_IMAGES = YES;
				DEAD_CODE_STRIPPING = YES;
				DEBUG_INFORMATION_FORMAT = "dwarf-with-dsym";
				ENABLE_TESTING_SEARCH_PATHS = YES;
				GCC_ENABLE_OBJC_EXCEPTIONS = YES;
				GCC_PREPROCESSOR_DEFINITIONS = (
					NDEBUG,
					NS_BLOCK_ASSERTIONS,
				);
				GCC_WARN_64_TO_32_BIT_CONVERSION = YES;
				GCC_WARN_ABOUT_MISSING_PROTOTYPES = YES;
				INSTALL_PATH = /Applications;
				PRODUCT_NAME = VisualDiffer;
				SWIFT_OBJC_BRIDGING_HEADER = "VisualDiffer-Bridging-Header.h";
				WRAPPER_EXTENSION = app;
			};
			name = Sparkle;
		};
		55D71FDC2EE58630007E0FA0 /* Sparkle configuration for PBXNativeTarget "visdiff" */ = {
			isa = XCBuildConfiguration;
			baseConfigurationReferenceAnchor = 55C9DA95305A69E900D4FD1E /* visdiff */;
			baseConfigurationReferenceRelativePath = AppConfig.xcconfig;
			buildSettings = {
				ASSETCATALOG_COMPILER_GENERATE_SWIFT_ASSET_SYMBOL_EXTENSIONS = YES;
				CLANG_ANALYZER_NONNULL = YES;
				CLANG_ANALYZER_NUMBER_OBJECT_CONVERSION = YES_AGGRESSIVE;
				CLANG_CXX_LANGUAGE_STANDARD = "gnu++20";
				CLANG_ENABLE_MODULES = YES;
				CLANG_ENABLE_OBJC_ARC = YES;
				CLANG_ENABLE_OBJC_WEAK = YES;
				CLANG_WARN_BOOL_CONVERSION = YES;
				CLANG_WARN_CONSTANT_CONVERSION = YES;
				CLANG_WARN_DIRECT_OBJC_ISA_USAGE = YES_ERROR;
				CLANG_WARN_DOCUMENTATION_COMMENTS = YES;
				CLANG_WARN_ENUM_CONVERSION = YES;
				CLANG_WARN_INT_CONVERSION = YES;
				CLANG_WARN_NON_LITERAL_NULL_CONVERSION = YES;
				CLANG_WARN_OBJC_LITERAL_CONVERSION = YES;
				CLANG_WARN_OBJC_ROOT_CLASS = YES_ERROR;
				CLANG_WARN_UNGUARDED_AVAILABILITY = YES_AGGRESSIVE;
				CLANG_WARN_UNREACHABLE_CODE = YES;
				CODE_SIGN_STYLE = Automatic;
				COPY_PHASE_STRIP = NO;
				ENABLE_HARDENED_RUNTIME = YES;
				ENABLE_NS_ASSERTIONS = NO;
				GCC_WARN_64_TO_32_BIT_CONVERSION = YES;
				GCC_WARN_ABOUT_RETURN_TYPE = YES_ERROR;
				GCC_WARN_UNDECLARED_SELECTOR = YES;
				GCC_WARN_UNINITIALIZED_AUTOS = YES_AGGRESSIVE;
				GCC_WARN_UNUSED_FUNCTION = YES;
				LOCALIZATION_PREFERS_STRING_CATALOGS = YES;
				MTL_ENABLE_DEBUG_INFO = NO;
				MTL_FAST_MATH = YES;
				SWIFT_APPROACHABLE_CONCURRENCY = YES;
				SWIFT_UPCOMING_FEATURE_MEMBER_IMPORT_VISIBILITY = YES;
			};
			name = Sparkle;
		};
		55D71FDD2EE58630007E0FA0 /* Sparkle configuration for PBXNativeTarget "VisualDifferTests" */ = {
			isa = XCBuildConfiguration;
			baseConfigurationReferenceAnchor = 55C9DA5A305A697C00D4FD1E /* Tests */;
			baseConfigurationReferenceRelativePath = AppConfig.xcconfig;
			buildSettings = {
				ASSETCATALOG_COMPILER_GENERATE_SWIFT_ASSET_SYMBOL_EXTENSIONS = YES;
				BUNDLE_LOADER = "$(TEST_HOST)";
				CLANG_ANALYZER_NONNULL = YES;
				CLANG_ANALYZER_NUMBER_OBJECT_CONVERSION = YES_AGGRESSIVE;
				CLANG_CXX_LANGUAGE_STANDARD = "gnu++20";
				CLANG_ENABLE_MODULES = YES;
				CLANG_ENABLE_OBJC_ARC = YES;
				CLANG_ENABLE_OBJC_WEAK = YES;
				CLANG_WARN_BOOL_CONVERSION = YES;
				CLANG_WARN_CONSTANT_CONVERSION = YES;
				CLANG_WARN_DIRECT_OBJC_ISA_USAGE = YES_ERROR;
				CLANG_WARN_DOCUMENTATION_COMMENTS = YES;
				CLANG_WARN_ENUM_CONVERSION = YES;
				CLANG_WARN_INT_CONVERSION = YES;
				CLANG_WARN_NON_LITERAL_NULL_CONVERSION = YES;
				CLANG_WARN_OBJC_LITERAL_CONVERSION = YES;
				CLANG_WARN_OBJC_ROOT_CLASS = YES_ERROR;
				CLANG_WARN_UNGUARDED_AVAILABILITY = YES_AGGRESSIVE;
				CLANG_WARN_UNREACHABLE_CODE = YES;
				COPY_PHASE_STRIP = NO;
				CURRENT_PROJECT_VERSION = 1;
				ENABLE_NS_ASSERTIONS = NO;
				ENABLE_USER_SELECTED_FILES = readwrite;
				GCC_WARN_64_TO_32_BIT_CONVERSION = YES;
				GCC_WARN_ABOUT_RETURN_TYPE = YES_ERROR;
				GCC_WARN_UNDECLARED_SELECTOR = YES;
				GCC_WARN_UNINITIALIZED_AUTOS = YES_AGGRESSIVE;
				GCC_WARN_UNUSED_FUNCTION = YES;
				GENERATE_INFOPLIST_FILE = YES;
				LOCALIZATION_PREFERS_STRING_CATALOGS = YES;
				MARKETING_VERSION = 1.0;
				MTL_ENABLE_DEBUG_INFO = NO;
				MTL_FAST_MATH = YES;
				PRODUCT_NAME = "$(TARGET_NAME)";
				SWIFT_EMIT_LOC_STRINGS = NO;
				TEST_HOST = "$(BUILT_PRODUCTS_DIR)/VisualDiffer.app/$(BUNDLE_EXECUTABLE_FOLDER_PATH)/VisualDiffer";
			};
			name = Sparkle;
		};
/* End XCBuildConfiguration section */

/* Begin XCConfigurationList section */
		26FC0AA50875C8B900E6366F /* Build configuration list for PBXNativeTarget "VisualDiffer" */ = {
			isa = XCConfigurationList;
			buildConfigurations = (
				26FC0AA60875C8B900E6366F /* Debug configuration for PBXNativeTarget "VisualDiffer" */,
				558893672E7FF93B003B7117 /* DebugNoSandbox configuration for PBXNativeTarget "VisualDiffer" */,
				26FC0AA70875C8B900E6366F /* Release configuration for PBXNativeTarget "VisualDiffer" */,
				55D71FDB2EE58630007E0FA0 /* Sparkle configuration for PBXNativeTarget "VisualDiffer" */,
			);
			defaultConfigurationName = Release;
		};
		26FC0AA90875C8B900E6366F /* Build configuration list for PBXProject "VisualDiffer" */ = {
			isa = XCConfigurationList;
			buildConfigurations = (
				26FC0AAA0875C8B900E6366F /* Debug configuration for PBXProject "VisualDiffer" */,
				558893662E7FF93B003B7117 /* DebugNoSandbox configuration for PBXProject "VisualDiffer" */,
				26FC0AAB0875C8B900E6366F /* Release configuration for PBXProject "VisualDiffer" */,
				55D71FDA2EE58630007E0FA0 /* Sparkle configuration for PBXProject "VisualDiffer" */,
			);
			defaultConfigurationName = Release;
		};
		55944CCD2E5C8D9F00FB1F8C /* Build configuration list for PBXNativeTarget "VisualDifferTests" */ = {
			isa = XCConfigurationList;
			buildConfigurations = (
				55944CCE2E5C8D9F00FB1F8C /* Debug configuration for PBXNativeTarget "VisualDifferTests" */,
				558893692E7FF93B003B7117 /* DebugNoSandbox configuration for PBXNativeTarget "VisualDifferTests" */,
				55944CD02E5C8D9F00FB1F8C /* Release configuration for PBXNativeTarget "VisualDifferTests" */,
				55D71FDD2EE58630007E0FA0 /* Sparkle configuration for PBXNativeTarget "VisualDifferTests" */,
			);
			defaultConfigurationName = Release;
		};
		55C1CBE62E8BB6A2004FE322 /* Build configuration list for PBXNativeTarget "visdiff" */ = {
			isa = XCConfigurationList;
			buildConfigurations = (
				55C1CBE72E8BB6A2004FE322 /* Debug configuration for PBXNativeTarget "visdiff" */,
				55C1CBE82E8BB6A2004FE322 /* DebugNoSandbox configuration for PBXNativeTarget "visdiff" */,
				55C1CBE92E8BB6A2004FE322 /* Release configuration for PBXNativeTarget "visdiff" */,
				55D71FDC2EE58630007E0FA0 /* Sparkle configuration for PBXNativeTarget "visdiff" */,
			);
			defaultConfigurationName = Release;
		};
/* End XCConfigurationList section */

/* Begin XCRemoteSwiftPackageReference section */
		55C165602EE444050082A24C /* XCRemoteSwiftPackageReference "Sparkle" */ = {
			isa = XCRemoteSwiftPackageReference;
			repositoryURL = "https://github.com/sparkle-project/Sparkle";
			requirement = {
				kind = upToNextMajorVersion;
				minimumVersion = 2.8.1;
			};
		};
/* End XCRemoteSwiftPackageReference section */

/* Begin XCSwiftPackageProductDependency section */
		55C165612EE444050082A24C /* Sparkle */ = {
			isa = XCSwiftPackageProductDependency;
			package = 55C165602EE444050082A24C /* XCRemoteSwiftPackageReference "Sparkle" */;
			productName = Sparkle;
		};
/* End XCSwiftPackageProductDependency section */

/* Begin XCVersionGroup section */
		55916A082E8A814200ED6629 /* History.xcdatamodeld */ = {
			isa = XCVersionGroup;
			children = (
				55916A0B2E8A814200ED6629 /* History.xcdatamodel */,
			);
			currentVersion = 55916A0B2E8A814200ED6629 /* History.xcdatamodel */;
			path = History.xcdatamodeld;
			sourceTree = "<group>";
			versionGroupType = wrapper.xcdatamodel;
		};
		55916A092E8A814200ED6629 /* MyDocument.xcdatamodeld */ = {
			isa = XCVersionGroup;
			children = (
				55916A0C2E8A814200ED6629 /* MyDocument1.0.xcdatamodel */,
				55916A0D2E8A814200ED6629 /* MyDocument1.1.xcdatamodel */,
				55916A0E2E8A814200ED6629 /* MyDocument1.2.xcdatamodel */,
				55916A0F2E8A814200ED6629 /* MyDocument1.3.xcdatamodel */,
				553A58692EF2758800685D02 /* MyDocument1.4.xcdatamodel */,
			);
			currentVersion = 553A58692EF2758800685D02 /* MyDocument1.4.xcdatamodel */;
			path = MyDocument.xcdatamodeld;
			sourceTree = "<group>";
			versionGroupType = wrapper.xcdatamodel;
		};
/* End XCVersionGroup section */
	};
	rootObject = 2A37F4A9FDCFA73011CA2CEA /* Project object */;
}
